// !$*UTF8*$!
{
	archiveVersion = 1;
	classes = {
	};
	objectVersion = 50;
	objects = {

/* Begin PBXBuildFile section */
		F6E667CB22CAD94B00F00CD2 /* AppDelegate.swift in Sources */ = {isa = PBXBuildFile; fileRef = F6E667CA22CAD94B00F00CD2 /* AppDelegate.swift */; };
		F6E667CD22CAD94B00F00CD2 /* ViewController.swift in Sources */ = {isa = PBXBuildFile; fileRef = F6E667CC22CAD94B00F00CD2 /* ViewController.swift */; };
		F6E667D022CAD94B00F00CD2 /* Main.storyboard in Resources */ = {isa = PBXBuildFile; fileRef = F6E667CE22CAD94B00F00CD2 /* Main.storyboard */; };
		F6E667D322CAD94B00F00CD2 /* Notes_App.xcdatamodeld in Sources */ = {isa = PBXBuildFile; fileRef = F6E667D122CAD94B00F00CD2 /* Notes_App.xcdatamodeld */; };
		F6E667D522CAD94D00F00CD2 /* Assets.xcassets in Resources */ = {isa = PBXBuildFile; fileRef = F6E667D422CAD94D00F00CD2 /* Assets.xcassets */; };
		F6E667D822CAD94D00F00CD2 /* LaunchScreen.storyboard in Resources */ = {isa = PBXBuildFile; fileRef = F6E667D622CAD94D00F00CD2 /* LaunchScreen.storyboard */; };
		F6E667E022CBD24700F00CD2 /* DetailViewController.swift in Sources */ = {isa = PBXBuildFile; fileRef = F6E667DF22CBD24700F00CD2 /* DetailViewController.swift */; };
/* End PBXBuildFile section */

/* Begin PBXFileReference section */
		F6E667C722CAD94B00F00CD2 /* Notes_App.app */ = {isa = PBXFileReference; explicitFileType = wrapper.application; includeInIndex = 0; path = Notes_App.app; sourceTree = BUILT_PRODUCTS_DIR; };
		F6E667CA22CAD94B00F00CD2 /* AppDelegate.swift */ = {isa = PBXFileReference; lastKnownFileType = sourcecode.swift; path = AppDelegate.swift; sourceTree = "<group>"; };
		F6E667CC22CAD94B00F00CD2 /* ViewController.swift */ = {isa = PBXFileReference; lastKnownFileType = sourcecode.swift; path = ViewController.swift; sourceTree = "<group>"; };
		F6E667CF22CAD94B00F00CD2 /* Base */ = {isa = PBXFileReference; lastKnownFileType = file.storyboard; name = Base; path = Base.lproj/Main.storyboard; sourceTree = "<group>"; };
		F6E667D222CAD94B00F00CD2 /* Notes_App.xcdatamodel */ = {isa = PBXFileReference; lastKnownFileType = wrapper.xcdatamodel; path = Notes_App.xcdatamodel; sourceTree = "<group>"; };
		F6E667D422CAD94D00F00CD2 /* Assets.xcassets */ = {isa = PBXFileReference; lastKnownFileType = folder.assetcatalog; path = Assets.xcassets; sourceTree = "<group>"; };
		F6E667D722CAD94D00F00CD2 /* Base */ = {isa = PBXFileReference; lastKnownFileType = file.storyboard; name = Base; path = Base.lproj/LaunchScreen.storyboard; sourceTree = "<group>"; };
		F6E667D922CAD94D00F00CD2 /* Info.plist */ = {isa = PBXFileReference; lastKnownFileType = text.plist.xml; path = Info.plist; sourceTree = "<group>"; };
		F6E667DF22CBD24700F00CD2 /* DetailViewController.swift */ = {isa = PBXFileReference; lastKnownFileType = sourcecode.swift; path = DetailViewController.swift; sourceTree = "<group>"; };
/* End PBXFileReference section */

/* Begin PBXFrameworksBuildPhase section */
		F6E667C422CAD94B00F00CD2 /* Frameworks */ = {
			isa = PBXFrameworksBuildPhase;
			buildActionMask = 2147483647;
			files = (
			);
			runOnlyForDeploymentPostprocessing = 0;
		};
/* End PBXFrameworksBuildPhase section */

/* Begin PBXGroup section */
		F6E667BE22CAD94B00F00CD2 = {
			isa = PBXGroup;
			children = (
				F6E667C922CAD94B00F00CD2 /* Notes_App */,
				F6E667C822CAD94B00F00CD2 /* Products */,
			);
			sourceTree = "<group>";
		};
		F6E667C822CAD94B00F00CD2 /* Products */ = {
			isa = PBXGroup;
			children = (
				F6E667C722CAD94B00F00CD2 /* Notes_App.app */,
			);
			name = Products;
			sourceTree = "<group>";
		};
		F6E667C922CAD94B00F00CD2 /* Notes_App */ = {
			isa = PBXGroup;
			children = (
				F6E667CA22CAD94B00F00CD2 /* AppDelegate.swift */,
				F6E667CC22CAD94B00F00CD2 /* ViewController.swift */,
				F6E667DF22CBD24700F00CD2 /* DetailViewController.swift */,
				F6E667CE22CAD94B00F00CD2 /* Main.storyboard */,
				F6E667D422CAD94D00F00CD2 /* Assets.xcassets */,
				F6E667D622CAD94D00F00CD2 /* LaunchScreen.storyboard */,
				F6E667D922CAD94D00F00CD2 /* Info.plist */,
				F6E667D122CAD94B00F00CD2 /* Notes_App.xcdatamodeld */,
			);
			path = Notes_App;
			sourceTree = "<group>";
		};
/* End PBXGroup section */

/* Begin PBXNativeTarget section */
		F6E667C622CAD94B00F00CD2 /* Notes_App */ = {
			isa = PBXNativeTarget;
			buildConfigurationList = F6E667DC22CAD94D00F00CD2 /* Build configuration list for PBXNativeTarget "Notes_App" */;
			buildPhases = (
				F6E667C322CAD94B00F00CD2 /* Sources */,
				F6E667C422CAD94B00F00CD2 /* Frameworks */,
				F6E667C522CAD94B00F00CD2 /* Resources */,
			);
			buildRules = (
			);
			dependencies = (
			);
			name = Notes_App;
			productName = Notes_App;
			productReference = F6E667C722CAD94B00F00CD2 /* Notes_App.app */;
			productType = "com.apple.product-type.application";
		};
/* End PBXNativeTarget section */

/* Begin PBXProject section */
		F6E667BF22CAD94B00F00CD2 /* Project object */ = {
			isa = PBXProject;
			attributes = {
				LastSwiftUpdateCheck = 0940;
				LastUpgradeCheck = 0940;
				ORGANIZATIONNAME = "Yuvaraja Krishnamourthy Bhavani";
				TargetAttributes = {
					F6E667C622CAD94B00F00CD2 = {
						CreatedOnToolsVersion = 9.4.1;
					};
				};
			};
			buildConfigurationList = F6E667C222CAD94B00F00CD2 /* Build configuration list for PBXProject "Notes_App" */;
			compatibilityVersion = "Xcode 9.3";
			developmentRegion = en;
			hasScannedForEncodings = 0;
			knownRegions = (
				en,
				Base,
			);
			mainGroup = F6E667BE22CAD94B00F00CD2;
			productRefGroup = F6E667C822CAD94B00F00CD2 /* Products */;
			projectDirPath = "";
			projectRoot = "";
			targets = (
				F6E667C622CAD94B00F00CD2 /* Notes_App */,
			);
		};
/* End PBXProject section */

/* Begin PBXResourcesBuildPhase section */
		F6E667C522CAD94B00F00CD2 /* Resources */ = {
			isa = PBXResourcesBuildPhase;
			buildActionMask = 2147483647;
			files = (
				F6E667D822CAD94D00F00CD2 /* LaunchScreen.storyboard in Resources */,
				F6E667D522CAD94D00F00CD2 /* Assets.xcassets in Resources */,
				F6E667D022CAD94B00F00CD2 /* Main.storyboard in Resources */,
			);
			runOnlyForDeploymentPostprocessing = 0;
		};
/* End PBXResourcesBuildPhase section */

/* Begin PBXSourcesBuildPhase section */
		F6E667C322CAD94B00F00CD2 /* Sources */ = {
			isa = PBXSourcesBuildPhase;
			buildActionMask = 2147483647;
			files = (
				F6E667D322CAD94B00F00CD2 /* Notes_App.xcdatamodeld in Sources */,
				F6E667CD22CAD94B00F00CD2 /* ViewController.swift in Sources */,
				F6E667CB22CAD94B00F00CD2 /* AppDelegate.swift in Sources */,
				F6E667E022CBD24700F00CD2 /* DetailViewController.swift in Sources */,
			);
			runOnlyForDeploymentPostprocessing = 0;
		};
/* End PBXSourcesBuildPhase section */

/* Begin PBXVariantGroup section */
		F6E667CE22CAD94B00F00CD2 /* Main.storyboard */ = {
			isa = PBXVariantGroup;
			children = (
				F6E667CF22CAD94B00F00CD2 /* Base */,
			);
			name = Main.storyboard;
			sourceTree = "<group>";
		};
		F6E667D622CAD94D00F00CD2 /* LaunchScreen.storyboard */ = {
			isa = PBXVariantGroup;
			children = (
				F6E667D722CAD94D00F00CD2 /* Base */,
			);
			name = LaunchScreen.storyboard;
			sourceTree = "<group>";
		};
/* End PBXVariantGroup section */

/* Begin XCBuildConfiguration section */
		F6E667DA22CAD94D00F00CD2 /* Debug */ = {
			isa = XCBuildConfiguration;
			buildSettings = {
				ALWAYS_SEARCH_USER_PATHS = NO;
				CLANG_ANALYZER_NONNULL = YES;
				CLANG_ANALYZER_NUMBER_OBJECT_CONVERSION = YES_AGGRESSIVE;
				CLANG_CXX_LANGUAGE_STANDARD = "gnu++14";
				CLANG_CXX_LIBRARY = "libc++";
				CLANG_ENABLE_MODULES = YES;
				CLANG_ENABLE_OBJC_ARC = YES;
				CLANG_ENABLE_OBJC_WEAK = YES;
				CLANG_WARN_BLOCK_CAPTURE_AUTORELEASING = YES;
				CLANG_WARN_BOOL_CONVERSION = YES;
				CLANG_WARN_COMMA = YES;
				CLANG_WARN_CONSTANT_CONVERSION = YES;
				CLANG_WARN_DEPRECATED_OBJC_IMPLEMENTATIONS = YES;
				CLANG_WARN_DIRECT_OBJC_ISA_USAGE = YES_ERROR;
				CLANG_WARN_DOCUMENTATION_COMMENTS = YES;
				CLANG_WARN_EMPTY_BODY = YES;
				CLANG_WARN_ENUM_CONVERSION = YES;
				CLANG_WARN_INFINITE_RECURSION = YES;
				CLANG_WARN_INT_CONVERSION = YES;
				CLANG_WARN_NON_LITERAL_NULL_CONVERSION = YES;
				CLANG_WARN_OBJC_IMPLICIT_RETAIN_SELF = YES;
				CLANG_WARN_OBJC_LITERAL_CONVERSION = YES;
				CLANG_WARN_OBJC_ROOT_CLASS = YES_ERROR;
				CLANG_WARN_RANGE_LOOP_ANALYSIS = YES;
				CLANG_WARN_STRICT_PROTOTYPES = YES;
				CLANG_WARN_SUSPICIOUS_MOVE = YES;
				CLANG_WARN_UNGUARDED_AVAILABILITY = YES_AGGRESSIVE;
				CLANG_WARN_UNREACHABLE_CODE = YES;
				CLANG_WARN__DUPLICATE_METHOD_MATCH = YES;
				CODE_SIGN_IDENTITY = "iPhone Developer";
				COPY_PHASE_STRIP = NO;
				DEBUG_INFORMATION_FORMAT = dwarf;
				ENABLE_STRICT_OBJC_MSGSEND = YES;
				ENABLE_TESTABILITY = YES;
				GCC_C_LANGUAGE_STANDARD = gnu11;
				GCC_DYNAMIC_NO_PIC = NO;
				GCC_NO_COMMON_BLOCKS = YES;
				GCC_OPTIMIZATION_LEVEL = 0;
				GCC_PREPROCESSOR_DEFINITIONS = (
					"DEBUG=1",
					"$(inherited)",
				);
				GCC_WARN_64_TO_32_BIT_CONVERSION = YES;
				GCC_WARN_ABOUT_RETURN_TYPE = YES_ERROR;
				GCC_WARN_UNDECLARED_SELECTOR = YES;
				GCC_WARN_UNINITIALIZED_AUTOS = YES_AGGRESSIVE;
				GCC_WARN_UNUSED_FUNCTION = YES;
				GCC_WARN_UNUSED_VARIABLE = YES;
				IPHONEOS_DEPLOYMENT_TARGET = 11.4;
				MTL_ENABLE_DEBUG_INFO = YES;
				ONLY_ACTIVE_ARCH = YES;
				SDKROOT = iphoneos;
				SWIFT_ACTIVE_COMPILATION_CONDITIONS = DEBUG;
				SWIFT_OPTIMIZATION_LEVEL = "-Onone";
			};
			name = Debug;
		};
		F6E667DB22CAD94D00F00CD2 /* Release */ = {
			isa = XCBuildConfiguration;
			buildSettings = {
				ALWAYS_SEARCH_USER_PATHS = NO;
				CLANG_ANALYZER_NONNULL = YES;
				CLANG_ANALYZER_NUMBER_OBJECT_CONVERSION = YES_AGGRESSIVE;
				CLANG_CXX_LANGUAGE_STANDARD = "gnu++14";
				CLANG_CXX_LIBRARY = "libc++";
				CLANG_ENABLE_MODULES = YES;
				CLANG_ENABLE_OBJC_ARC = YES;
				CLANG_ENABLE_OBJC_WEAK = YES;
				CLANG_WARN_BLOCK_CAPTURE_AUTORELEASING = YES;
				CLANG_WARN_BOOL_CONVERSION = YES;
				CLANG_WARN_COMMA = YES;
				CLANG_WARN_CONSTANT_CONVERSION = YES;
				CLANG_WARN_DEPRECATED_OBJC_IMPLEMENTATIONS = YES;
				CLANG_WARN_DIRECT_OBJC_ISA_USAGE = YES_ERROR;
				CLANG_WARN_DOCUMENTATION_COMMENTS = YES;
				CLANG_WARN_EMPTY_BODY = YES;
				CLANG_WARN_ENUM_CONVERSION = YES;
				CLANG_WARN_INFINITE_RECURSION = YES;
				CLANG_WARN_INT_CONVERSION = YES;
				CLANG_WARN_NON_LITERAL_NULL_CONVERSION = YES;
				CLANG_WARN_OBJC_IMPLICIT_RETAIN_SELF = YES;
				CLANG_WARN_OBJC_LITERAL_CONVERSION = YES;
				CLANG_WARN_OBJC_ROOT_CLASS = YES_ERROR;
				CLANG_WARN_RANGE_LOOP_ANALYSIS = YES;
				CLANG_WARN_STRICT_PROTOTYPES = YES;
				CLANG_WARN_SUSPICIOUS_MOVE = YES;
				CLANG_WARN_UNGUARDED_AVAILABILITY = YES_AGGRESSIVE;
				CLANG_WARN_UNREACHABLE_CODE = YES;
				CLANG_WARN__DUPLICATE_METHOD_MATCH = YES;
				CODE_SIGN_IDENTITY = "iPhone Developer";
				COPY_PHASE_STRIP = NO;
				DEBUG_INFORMATION_FORMAT = "dwarf-with-dsym";
				ENABLE_NS_ASSERTIONS = NO;
				ENABLE_STRICT_OBJC_MSGSEND = YES;
				GCC_C_LANGUAGE_STANDARD = gnu11;
				GCC_NO_COMMON_BLOCKS = YES;
				GCC_WARN_64_TO_32_BIT_CONVERSION = YES;
				GCC_WARN_ABOUT_RETURN_TYPE = YES_ERROR;
				GCC_WARN_UNDECLARED_SELECTOR = YES;
				GCC_WARN_UNINITIALIZED_AUTOS = YES_AGGRESSIVE;
				GCC_WARN_UNUSED_FUNCTION = YES;
				GCC_WARN_UNUSED_VARIABLE = YES;
				IPHONEOS_DEPLOYMENT_TARGET = 11.4;
				MTL_ENABLE_DEBUG_INFO = NO;
				SDKROOT = iphoneos;
				SWIFT_COMPILATION_MODE = wholemodule;
				SWIFT_OPTIMIZATION_LEVEL = "-O";
				VALIDATE_PRODUCT = YES;
			};
			name = Release;
		};
		F6E667DD22CAD94D00F00CD2 /* Debug */ = {
			isa = XCBuildConfiguration;
			buildSettings = {
				ASSETCATALOG_COMPILER_APPICON_NAME = AppIcon;
				CODE_SIGN_STYLE = Automatic;
				INFOPLIST_FILE = Notes_App/Info.plist;
				LD_RUNPATH_SEARCH_PATHS = (
					"$(inherited)",
					"@executable_path/Frameworks",
				);
				PRODUCT_BUNDLE_IDENTIFIER = "com.notes.Notes-App";
				PRODUCT_NAME = "$(TARGET_NAME)";
				SWIFT_VERSION = 4.0;
				TARGETED_DEVICE_FAMILY = "1,2";
			};
			name = Debug;
		};
		F6E667DE22CAD94D00F00CD2 /* Release */ = {
			isa = XCBuildConfiguration;
			buildSettings = {
				ASSETCATALOG_COMPILER_APPICON_NAME = AppIcon;
				CODE_SIGN_STYLE = Automatic;
				INFOPLIST_FILE = Notes_App/Info.plist;
				LD_RUNPATH_SEARCH_PATHS = (
					"$(inherited)",
					"@executable_path/Frameworks",
				);
				PRODUCT_BUNDLE_IDENTIFIER = "com.notes.Notes-App";
				PRODUCT_NAME = "$(TARGET_NAME)";
				SWIFT_VERSION = 4.0;
				TARGETED_DEVICE_FAMILY = "1,2";
			};
			name = Release;
		};
/* End XCBuildConfiguration section */

/* Begin XCConfigurationList section */
		F6E667C222CAD94B00F00CD2 /* Build configuration list for PBXProject "Notes_App" */ = {
			isa = XCConfigurationList;
			buildConfigurations = (
				F6E667DA22CAD94D00F00CD2 /* Debug */,
				F6E667DB22CAD94D00F00CD2 /* Release */,
			);
			defaultConfigurationIsVisible = 0;
			defaultConfigurationName = Release;
		};
		F6E667DC22CAD94D00F00CD2 /* Build configuration list for PBXNativeTarget "Notes_App" */ = {
			isa = XCConfigurationList;
			buildConfigurations = (
				F6E667DD22CAD94D00F00CD2 /* Debug */,
				F6E667DE22CAD94D00F00CD2 /* Release */,
			);
			defaultConfigurationIsVisible = 0;
			defaultConfigurationName = Release;
		};
/* End XCConfigurationList section */

/* Begin XCVersionGroup section */
		F6E667D122CAD94B00F00CD2 /* Notes_App.xcdatamodeld */ = {
			isa = XCVersionGroup;
			children = (
				F6E667D222CAD94B00F00CD2 /* Notes_App.xcdatamodel */,
			);
			currentVersion = F6E667D222CAD94B00F00CD2 /* Notes_App.xcdatamodel */;
			path = Notes_App.xcdatamodeld;
			sourceTree = "<group>";
			versionGroupType = wrapper.xcdatamodel;
		};
/* End XCVersionGroup section */
	};
	rootObject = F6E667BF22CAD94B00F00CD2 /* Project object */;
}
